{
  "name": "generate_files",
  "version": "1.0.0",
  "lockfileVersion": 1,
  "requires": true,
  "dependencies": {
    "axios": {
      "version": "0.24.0",
      "resolved": "https://registry.npmjs.org/axios/-/axios-0.24.0.tgz",
      "integrity": "sha512-Q6cWsys88HoPgAaFAVUb0WpPk0O8iTeisR9IMqy9G8AbO4NlpVknrnQS03zzF9PGAWgO3cgletO3VjV/P7VztA==",
      "requires": {
        "follow-redirects": "^1.14.4"
      }
    },
    "call-bind": {
      "version": "1.0.2",
      "resolved": "https://registry.npmjs.org/call-bind/-/call-bind-1.0.2.tgz",
      "integrity": "sha512-7O+FbCihrB5WGbFYesctwmTKae6rOiIzmz1icreWJ+0aA7LJfuqhEso2T9ncpcFtzMQtzXf2QGGueWJGTYsqrA==",
      "requires": {
        "function-bind": "^1.1.1",
        "get-intrinsic": "^1.0.2"
      }
    },
    "contentful": {
      "version": "9.1.5",
      "resolved": "https://registry.npmjs.org/contentful/-/contentful-9.1.5.tgz",
      "integrity": "sha512-F6Ar1hyLIkndASPlf53d8BWa7xx36mLctPOFD+lmUUlSkH/idi+Sqc3z7+atO/H4mDnT8e/98atZsSN9eVvppQ==",
      "requires": {
        "axios": "^0.24.0",
        "contentful-resolve-response": "^1.3.0",
        "contentful-sdk-core": "^6.10.4",
        "fast-copy": "^2.1.0",
        "json-stringify-safe": "^5.0.1"
      }
    },
    "contentful-resolve-response": {
      "version": "1.3.0",
      "resolved": "https://registry.npmjs.org/contentful-resolve-response/-/contentful-resolve-response-1.3.0.tgz",
      "integrity": "sha512-FFa4it5VXW1YGyim5rhPbnwmN4c8OcmkpLrsylTL2Y1YpoC+6qnZSSU/QZyvHomLdEgwXaSXhGVJkWjpdz5IMg==",
      "requires": {
        "fast-copy": "^2.1.0"
      }
    },
    "contentful-sdk-core": {
      "version": "6.10.4",
      "resolved": "https://registry.npmjs.org/contentful-sdk-core/-/contentful-sdk-core-6.10.4.tgz",
      "integrity": "sha512-vnivU13pKqFzs/eEugqOaDkKce6ZljBkpp6l25MsG8LA1HPCQNBnIkqP5VUbwk/ub7tkHteV9HtoTnmpdvB+Zg==",
      "requires": {
        "fast-copy": "^2.1.0",
        "lodash.isplainobject": "^4.0.6",
        "lodash.isstring": "^4.0.1",
        "p-throttle": "^4.1.1",
        "qs": "^6.9.4"
      }
    },
    "fast-copy": {
      "version": "2.1.1",
      "resolved": "https://registry.npmjs.org/fast-copy/-/fast-copy-2.1.1.tgz",
      "integrity": "sha512-Qod3DdRgFZ8GUIM6ygeoZYpQ0QLW9cf/FS9KhhjlYggcSZXWAemAw8BOCO5LuYCrR3Uj3qXDVTUzOUwG8C7beQ=="
    },
    "follow-redirects": {
      "version": "1.14.5",
      "resolved": "https://registry.npmjs.org/follow-redirects/-/follow-redirects-1.14.5.tgz",
      "integrity": "sha512-wtphSXy7d4/OR+MvIFbCVBDzZ5520qV8XfPklSN5QtxuMUJZ+b0Wnst1e1lCDocfzuCkHqj8k0FpZqO+UIaKNA=="
    },
    "function-bind": {
      "version": "1.1.1",
      "resolved": "https://registry.npmjs.org/function-bind/-/function-bind-1.1.1.tgz",
      "integrity": "sha512-yIovAzMX49sF8Yl58fSCWJ5svSLuaibPxXQJFLmBObTuCr0Mf1KiPopGM9NiFjiYBCbfaa2Fh6breQ6ANVTI0A=="
    },
    "get-intrinsic": {
      "version": "1.1.1",
      "resolved": "https://registry.npmjs.org/get-intrinsic/-/get-intrinsic-1.1.1.tgz",
      "integrity": "sha512-kWZrnVM42QCiEA2Ig1bG8zjoIMOgxWwYCEeNdwY6Tv/cOSeGpcoX4pXHfKUxNKVoArnrEr2e9srnAxxGIraS9Q==",
      "requires": {
        "function-bind": "^1.1.1",
        "has": "^1.0.3",
        "has-symbols": "^1.0.1"
      }
    },
    "has": {
      "version": "1.0.3",
      "resolved": "https://registry.npmjs.org/has/-/has-1.0.3.tgz",
      "integrity": "sha512-f2dvO0VU6Oej7RkWJGrehjbzMAjFp5/VKPp5tTpWIV4JHHZK1/BxbFRtf/siA2SWTe09caDmVtYYzWEIbBS4zw==",
      "requires": {
        "function-bind": "^1.1.1"
      }
    },
    "has-symbols": {
      "version": "1.0.2",
      "resolved": "https://registry.npmjs.org/has-symbols/-/has-symbols-1.0.2.tgz",
      "integrity": "sha512-chXa79rL/UC2KlX17jo3vRGz0azaWEx5tGqZg5pO3NUyEJVB17dMruQlzCCOfUvElghKcm5194+BCRvi2Rv/Gw=="
    },
    "json-stringify-safe": {
      "version": "5.0.1",
      "resolved": "https://registry.npmjs.org/json-stringify-safe/-/json-stringify-safe-5.0.1.tgz",
      "integrity": "sha1-Epai1Y/UXxmg9s4B1lcB4sc1tus="
    },
    "lodash.isplainobject": {
      "version": "4.0.6",
      "resolved": "https://registry.npmjs.org/lodash.isplainobject/-/lodash.isplainobject-4.0.6.tgz",
      "integrity": "sha1-fFJqUtibRcRcxpC4gWO+BJf1UMs="
    },
    "lodash.isstring": {
      "version": "4.0.1",
      "resolved": "https://registry.npmjs.org/lodash.isstring/-/lodash.isstring-4.0.1.tgz",
      "integrity": "sha1-1SfftUVuynzJu5XV2ur4i6VKVFE="
    },
    "object-inspect": {
      "version": "1.11.1",
      "resolved": "https://registry.npmjs.org/object-inspect/-/object-inspect-1.11.1.tgz",
      "integrity": "sha512-If7BjFlpkzzBeV1cqgT3OSWT3azyoxDGajR+iGnFBfVV2EWyDyWaZZW2ERDjUaY2QM8i5jI3Sj7mhsM4DDAqWA=="
    },
    "p-throttle": {
      "version": "4.1.1",
      "resolved": "https://registry.npmjs.org/p-throttle/-/p-throttle-4.1.1.tgz",
      "integrity": "sha512-TuU8Ato+pRTPJoDzYD4s7ocJYcNSEZRvlxoq3hcPI2kZDZ49IQ1Wkj7/gDJc3X7XiEAAvRGtDzdXJI0tC3IL1g=="
    },
    "qs": {
      "version": "6.10.2",
      "resolved": "https://registry.npmjs.org/qs/-/qs-6.10.2.tgz",
      "integrity": "sha512-mSIdjzqznWgfd4pMii7sHtaYF8rx8861hBO80SraY5GT0XQibWZWJSid0avzHGkDIZLImux2S5mXO0Hfct2QCw==",
      "requires": {
        "side-channel": "^1.0.4"
      }
    },
    "side-channel": {
      "version": "1.0.4",
      "resolved": "https://registry.npmjs.org/side-channel/-/side-channel-1.0.4.tgz",
      "integrity": "sha512-q5XPytqFEIKHkGdiMIrY10mvLRvnQh42/+GoBlFW3b2LXLE2xxJpZFdm94we0BaoV3RwJyGqg5wS7epxTv0Zvw==",
      "requires": {
        "call-bind": "^1.0.0",
        "get-intrinsic": "^1.0.2",
        "object-inspect": "^1.9.0"
      }
    }
  }
}
